
Microsoft Visual Studio Solution File, Format Version 12.00
# Visual Studio Version 17
VisualStudioVersion = 17.12.35707.178 d17.12
MinimumVisualStudioVersion = 10.0.40219.1
Project("{FAE04EC0-301F-11D3-BF4B-00C04F79EFBC}") = "WebApi", "WebApi\WebApi.csproj", "{FCEB87AA-6E7D-41BB-AB7A-233F2ADCF14C}"
EndProject
Global
	GlobalSection(SolutionConfigurationPlatforms) = preSolution
		Debug|Any CPU = Debug|Any CPU
		Release|Any CPU = Release|Any CPU
	EndGlobalSection
	GlobalSection(ProjectConfigurationPlatforms) = postSolution
		{FCEB87AA-6E7D-41BB-AB7A-233F2ADCF14C}.Debug|Any CPU.ActiveCfg = Debug|Any CPU
		{FCEB87AA-6E7D-41BB-AB7A-233F2ADCF14C}.Debug|Any CPU.Build.0 = Debug|Any CPU
		{FCEB87AA-6E7D-41BB-AB7A-233F2ADCF14C}.Release|Any CPU.ActiveCfg = Release|Any CPU
		{FCEB87AA-6E7D-41BB-AB7A-233F2ADCF14C}.Release|Any CPU.Build.0 = Release|Any CPU
	EndGlobalSection
	GlobalSection(SolutionProperties) = preSolution
		HideSolutionNode = FALSE
	EndGlobalSection
EndGlobal
